github.com/emersion/go-sasl v0.0.0-20200509203442-7bfe0ed36a21 h1:OJyUGMJTzHTd1XQp98QTaHernxMYzRaOasRir9hUlFQ=
github.com/emersion/go-sasl v0.0.0-20200509203442-7bfe0ed36a21/go.mod h1:iL2twTeMvZnrg54ZoPDNfJaJaqy0xIQFuBdrLsmspwQ=
github.com/emersion/go-smtp v0.20.2 h1:peX42Qnh5Q0q3vrAnRy43R/JwTnnv75AebxbkTL7Ia4=
github.com/emersion/go-smtp v0.20.2/go.mod h1:qm27SGYgoIPRot6ubfQ/GpiPy/g3PaZAVRxiO/sDUgQ=
webfinger.net/go/webfinger v0.1.0 h1:e/J18UgjFE8+ZbKxzKm4+gv4ehidNnF6hcbHwS3K63U=
webfinger.net/go/webfinger v0.1.0/go.mod h1:+najbdnIKfnKo68tU2TF+AXm8/MOqLYXqx22j8Xw7FM=
